
Microsoft Visual Studio Solution File, Format Version 12.00
# Visual Studio Version 16
VisualStudioVersion = 16.0.31321.278
MinimumVisualStudioVersion = 10.0.40219.1
Project("{9A19103F-16F7-4668-BE54-9A1E7A4F7556}") = "EntityDapperCore", "EntityDapperCore\EntityDapperCore.csproj", "{2C955C6F-3A34-42DC-A28D-7C800E43F6A9}"
EndProject
Project("{FAE04EC0-301F-11D3-BF4B-00C04F79EFBC}") = "EntityDapperCore.BusinessLayer", "EntityDapperCore.BusinessLayer\EntityDapperCore.BusinessLayer.csproj", "{9A9D2F46-FA03-42B7-939A-984F4DE75A67}"
EndProject
Project("{FAE04EC0-301F-11D3-BF4B-00C04F79EFBC}") = "EntityDapperCore.DataAccessLayer", "EntityDapperCore.DataAccessLayer\EntityDapperCore.DataAccessLayer.csproj", "{230F8821-60E8-4593-B4FF-3BCC9385BB34}"
EndProject
Project("{FAE04EC0-301F-11D3-BF4B-00C04F79EFBC}") = "EntityDapperCore.Shared", "EntityDapperCore.Shared\EntityDapperCore.Shared.csproj", "{CD7B81E8-42A2-477E-8F12-3B80544A6FC6}"
EndProject
Global
	GlobalSection(SolutionConfigurationPlatforms) = preSolution
		Debug|Any CPU = Debug|Any CPU
		Release|Any CPU = Release|Any CPU
	EndGlobalSection
	GlobalSection(ProjectConfigurationPlatforms) = postSolution
		{2C955C6F-3A34-42DC-A28D-7C800E43F6A9}.Debug|Any CPU.ActiveCfg = Debug|Any CPU
		{2C955C6F-3A34-42DC-A28D-7C800E43F6A9}.Debug|Any CPU.Build.0 = Debug|Any CPU
		{2C955C6F-3A34-42DC-A28D-7C800E43F6A9}.Release|Any CPU.ActiveCfg = Release|Any CPU
		{2C955C6F-3A34-42DC-A28D-7C800E43F6A9}.Release|Any CPU.Build.0 = Release|Any CPU
		{9A9D2F46-FA03-42B7-939A-984F4DE75A67}.Debug|Any CPU.ActiveCfg = Debug|Any CPU
		{9A9D2F46-FA03-42B7-939A-984F4DE75A67}.Debug|Any CPU.Build.0 = Debug|Any CPU
		{9A9D2F46-FA03-42B7-939A-984F4DE75A67}.Release|Any CPU.ActiveCfg = Release|Any CPU
		{9A9D2F46-FA03-42B7-939A-984F4DE75A67}.Release|Any CPU.Build.0 = Release|Any CPU
		{230F8821-60E8-4593-B4FF-3BCC9385BB34}.Debug|Any CPU.ActiveCfg = Debug|Any CPU
		{230F8821-60E8-4593-B4FF-3BCC9385BB34}.Debug|Any CPU.Build.0 = Debug|Any CPU
		{230F8821-60E8-4593-B4FF-3BCC9385BB34}.Release|Any CPU.ActiveCfg = Release|Any CPU
		{230F8821-60E8-4593-B4FF-3BCC9385BB34}.Release|Any CPU.Build.0 = Release|Any CPU
		{CD7B81E8-42A2-477E-8F12-3B80544A6FC6}.Debug|Any CPU.ActiveCfg = Debug|Any CPU
		{CD7B81E8-42A2-477E-8F12-3B80544A6FC6}.Debug|Any CPU.Build.0 = Debug|Any CPU
		{CD7B81E8-42A2-477E-8F12-3B80544A6FC6}.Release|Any CPU.ActiveCfg = Release|Any CPU
		{CD7B81E8-42A2-477E-8F12-3B80544A6FC6}.Release|Any CPU.Build.0 = Release|Any CPU
	EndGlobalSection
	GlobalSection(SolutionProperties) = preSolution
		HideSolutionNode = FALSE
	EndGlobalSection
	GlobalSection(ExtensibilityGlobals) = postSolution
		SolutionGuid = {5E799557-BF84-4C9D-B0FC-14A2079D92E1}
	EndGlobalSection
EndGlobal
